// !$*UTF8*$!
{
	archiveVersion = 1;
	classes = {
	};
	objectVersion = 50;
	objects = {

/* Begin PBXBuildFile section */
		AD6E399523D1D88400D1261E /* AppDelegate.swift in Sources */ = {isa = PBXBuildFile; fileRef = AD6E399423D1D88400D1261E /* AppDelegate.swift */; };
		AD6E399923D1D88400D1261E /* ViewController.swift in Sources */ = {isa = PBXBuildFile; fileRef = AD6E399823D1D88400D1261E /* ViewController.swift */; };
		AD6E399C23D1D88400D1261E /* Main.storyboard in Resources */ = {isa = PBXBuildFile; fileRef = AD6E399A23D1D88400D1261E /* Main.storyboard */; };
		AD6E399E23D1D88500D1261E /* Assets.xcassets in Resources */ = {isa = PBXBuildFile; fileRef = AD6E399D23D1D88500D1261E /* Assets.xcassets */; };
		AD6E39A123D1D88500D1261E /* LaunchScreen.storyboard in Resources */ = {isa = PBXBuildFile; fileRef = AD6E399F23D1D88500D1261E /* LaunchScreen.storyboard */; };
		AD6E39AC23D1D88500D1261E /* EkanjiTests.swift in Sources */ = {isa = PBXBuildFile; fileRef = AD6E39AB23D1D88500D1261E /* EkanjiTests.swift */; };
		AD6E39B723D1D88500D1261E /* EkanjiUITests.swift in Sources */ = {isa = PBXBuildFile; fileRef = AD6E39B623D1D88500D1261E /* EkanjiUITests.swift */; };
/* End PBXBuildFile section */

/* Begin PBXContainerItemProxy section */
		AD6E39A823D1D88500D1261E /* PBXContainerItemProxy */ = {
			isa = PBXContainerItemProxy;
			containerPortal = AD6E398923D1D88400D1261E /* Project object */;
			proxyType = 1;
			remoteGlobalIDString = AD6E399023D1D88400D1261E;
			remoteInfo = Ekanji;
		};
		AD6E39B323D1D88500D1261E /* PBXContainerItemProxy */ = {
			isa = PBXContainerItemProxy;
			containerPortal = AD6E398923D1D88400D1261E /* Project object */;
			proxyType = 1;
			remoteGlobalIDString = AD6E399023D1D88400D1261E;
			remoteInfo = Ekanji;
		};
/* End PBXContainerItemProxy section */

/* Begin PBXFileReference section */
		AD6E399123D1D88400D1261E /* Ekanji.app */ = {isa = PBXFileReference; explicitFileType = wrapper.application; includeInIndex = 0; path = Ekanji.app; sourceTree = BUILT_PRODUCTS_DIR; };
		AD6E399423D1D88400D1261E /* AppDelegate.swift */ = {isa = PBXFileReference; lastKnownFileType = sourcecode.swift; path = AppDelegate.swift; sourceTree = "<group>"; };
		AD6E399823D1D88400D1261E /* ViewController.swift */ = {isa = PBXFileReference; lastKnownFileType = sourcecode.swift; path = ViewController.swift; sourceTree = "<group>"; };
		AD6E399B23D1D88400D1261E /* Base */ = {isa = PBXFileReference; lastKnownFileType = file.storyboard; name = Base; path = Base.lproj/Main.storyboard; sourceTree = "<group>"; };
		AD6E399D23D1D88500D1261E /* Assets.xcassets */ = {isa = PBXFileReference; lastKnownFileType = folder.assetcatalog; path = Assets.xcassets; sourceTree = "<group>"; };
		AD6E39A023D1D88500D1261E /* Base */ = {isa = PBXFileReference; lastKnownFileType = file.storyboard; name = Base; path = Base.lproj/LaunchScreen.storyboard; sourceTree = "<group>"; };
		AD6E39A223D1D88500D1261E /* Info.plist */ = {isa = PBXFileReference; lastKnownFileType = text.plist.xml; path = Info.plist; sourceTree = "<group>"; };
		AD6E39A723D1D88500D1261E /* EkanjiTests.xctest */ = {isa = PBXFileReference; explicitFileType = wrapper.cfbundle; includeInIndex = 0; path = EkanjiTests.xctest; sourceTree = BUILT_PRODUCTS_DIR; };
		AD6E39AB23D1D88500D1261E /* EkanjiTests.swift */ = {isa = PBXFileReference; lastKnownFileType = sourcecode.swift; path = EkanjiTests.swift; sourceTree = "<group>"; };
		AD6E39AD23D1D88500D1261E /* Info.plist */ = {isa = PBXFileReference; lastKnownFileType = text.plist.xml; path = Info.plist; sourceTree = "<group>"; };
		AD6E39B223D1D88500D1261E /* EkanjiUITests.xctest */ = {isa = PBXFileReference; explicitFileType = wrapper.cfbundle; includeInIndex = 0; path = EkanjiUITests.xctest; sourceTree = BUILT_PRODUCTS_DIR; };
		AD6E39B623D1D88500D1261E /* EkanjiUITests.swift */ = {isa = PBXFileReference; lastKnownFileType = sourcecode.swift; path = EkanjiUITests.swift; sourceTree = "<group>"; };
		AD6E39B823D1D88500D1261E /* Info.plist */ = {isa = PBXFileReference; lastKnownFileType = text.plist.xml; path = Info.plist; sourceTree = "<group>"; };
/* End PBXFileReference section */

/* Begin PBXFrameworksBuildPhase section */
		AD6E398E23D1D88400D1261E /* Frameworks */ = {
			isa = PBXFrameworksBuildPhase;
			buildActionMask = 2147483647;
			files = (
			);
			runOnlyForDeploymentPostprocessing = 0;
		};
		AD6E39A423D1D88500D1261E /* Frameworks */ = {
			isa = PBXFrameworksBuildPhase;
			buildActionMask = 2147483647;
			files = (
			);
			runOnlyForDeploymentPostprocessing = 0;
		};
		AD6E39AF23D1D88500D1261E /* Frameworks */ = {
			isa = PBXFrameworksBuildPhase;
			buildActionMask = 2147483647;
			files = (
			);
			runOnlyForDeploymentPostprocessing = 0;
		};
/* End PBXFrameworksBuildPhase section */

/* Begin PBXGroup section */
		AD6E398823D1D88400D1261E = {
			isa = PBXGroup;
			children = (
				AD6E399323D1D88400D1261E /* Ekanji */,
				AD6E39AA23D1D88500D1261E /* EkanjiTests */,
				AD6E39B523D1D88500D1261E /* EkanjiUITests */,
				AD6E399223D1D88400D1261E /* Products */,
			);
			sourceTree = "<group>";
		};
		AD6E399223D1D88400D1261E /* Products */ = {
			isa = PBXGroup;
			children = (
				AD6E399123D1D88400D1261E /* Ekanji.app */,
				AD6E39A723D1D88500D1261E /* EkanjiTests.xctest */,
				AD6E39B223D1D88500D1261E /* EkanjiUITests.xctest */,
			);
			name = Products;
			sourceTree = "<group>";
		};
		AD6E399323D1D88400D1261E /* Ekanji */ = {
			isa = PBXGroup;
			children = (
				AD6E399423D1D88400D1261E /* AppDelegate.swift */,
				AD6E399823D1D88400D1261E /* ViewController.swift */,
				AD6E399A23D1D88400D1261E /* Main.storyboard */,
				AD6E399D23D1D88500D1261E /* Assets.xcassets */,
				AD6E399F23D1D88500D1261E /* LaunchScreen.storyboard */,
				AD6E39A223D1D88500D1261E /* Info.plist */,
			);
			path = Ekanji;
			sourceTree = "<group>";
		};
		AD6E39AA23D1D88500D1261E /* EkanjiTests */ = {
			isa = PBXGroup;
			children = (
				AD6E39AB23D1D88500D1261E /* EkanjiTests.swift */,
				AD6E39AD23D1D88500D1261E /* Info.plist */,
			);
			path = EkanjiTests;
			sourceTree = "<group>";
		};
		AD6E39B523D1D88500D1261E /* EkanjiUITests */ = {
			isa = PBXGroup;
			children = (
				AD6E39B623D1D88500D1261E /* EkanjiUITests.swift */,
				AD6E39B823D1D88500D1261E /* Info.plist */,
			);
			path = EkanjiUITests;
			sourceTree = "<group>";
		};
/* End PBXGroup section */

/* Begin PBXNativeTarget section */
		AD6E399023D1D88400D1261E /* Ekanji */ = {
			isa = PBXNativeTarget;
			buildConfigurationList = AD6E39BB23D1D88500D1261E /* Build configuration list for PBXNativeTarget "Ekanji" */;
			buildPhases = (
				AD6E398D23D1D88400D1261E /* Sources */,
				AD6E398E23D1D88400D1261E /* Frameworks */,
				AD6E398F23D1D88400D1261E /* Resources */,
			);
			buildRules = (
			);
			dependencies = (
			);
			name = Ekanji;
			productName = Ekanji;
			productReference = AD6E399123D1D88400D1261E /* Ekanji.app */;
			productType = "com.apple.product-type.application";
		};
		AD6E39A623D1D88500D1261E /* EkanjiTests */ = {
			isa = PBXNativeTarget;
			buildConfigurationList = AD6E39BE23D1D88500D1261E /* Build configuration list for PBXNativeTarget "EkanjiTests" */;
			buildPhases = (
				AD6E39A323D1D88500D1261E /* Sources */,
				AD6E39A423D1D88500D1261E /* Frameworks */,
				AD6E39A523D1D88500D1261E /* Resources */,
			);
			buildRules = (
			);
			dependencies = (
				AD6E39A923D1D88500D1261E /* PBXTargetDependency */,
			);
			name = EkanjiTests;
			productName = EkanjiTests;
			productReference = AD6E39A723D1D88500D1261E /* EkanjiTests.xctest */;
			productType = "com.apple.product-type.bundle.unit-test";
		};
		AD6E39B123D1D88500D1261E /* EkanjiUITests */ = {
			isa = PBXNativeTarget;
			buildConfigurationList = AD6E39C123D1D88500D1261E /* Build configuration list for PBXNativeTarget "EkanjiUITests" */;
			buildPhases = (
				AD6E39AE23D1D88500D1261E /* Sources */,
				AD6E39AF23D1D88500D1261E /* Frameworks */,
				AD6E39B023D1D88500D1261E /* Resources */,
			);
			buildRules = (
			);
			dependencies = (
				AD6E39B423D1D88500D1261E /* PBXTargetDependency */,
			);
			name = EkanjiUITests;
			productName = EkanjiUITests;
			productReference = AD6E39B223D1D88500D1261E /* EkanjiUITests.xctest */;
			productType = "com.apple.product-type.bundle.ui-testing";
		};
/* End PBXNativeTarget section */

/* Begin PBXProject section */
		AD6E398923D1D88400D1261E /* Project object */ = {
			isa = PBXProject;
			attributes = {
				LastSwiftUpdateCheck = 1130;
				LastUpgradeCheck = 1130;
				ORGANIZATIONNAME = "Hiromu Nakano";
				TargetAttributes = {
					AD6E399023D1D88400D1261E = {
						CreatedOnToolsVersion = 11.3.1;
					};
					AD6E39A623D1D88500D1261E = {
						CreatedOnToolsVersion = 11.3.1;
						TestTargetID = AD6E399023D1D88400D1261E;
					};
					AD6E39B123D1D88500D1261E = {
						CreatedOnToolsVersion = 11.3.1;
						TestTargetID = AD6E399023D1D88400D1261E;
					};
				};
			};
			buildConfigurationList = AD6E398C23D1D88400D1261E /* Build configuration list for PBXProject "Ekanji" */;
			compatibilityVersion = "Xcode 9.3";
			developmentRegion = en;
			hasScannedForEncodings = 0;
			knownRegions = (
				en,
				Base,
			);
			mainGroup = AD6E398823D1D88400D1261E;
			productRefGroup = AD6E399223D1D88400D1261E /* Products */;
			projectDirPath = "";
			projectRoot = "";
			targets = (
				AD6E399023D1D88400D1261E /* Ekanji */,
				AD6E39A623D1D88500D1261E /* EkanjiTests */,
				AD6E39B123D1D88500D1261E /* EkanjiUITests */,
			);
		};
/* End PBXProject section */

/* Begin PBXResourcesBuildPhase section */
		AD6E398F23D1D88400D1261E /* Resources */ = {
			isa = PBXResourcesBuildPhase;
			buildActionMask = 2147483647;
			files = (
				AD6E39A123D1D88500D1261E /* LaunchScreen.storyboard in Resources */,
				AD6E399E23D1D88500D1261E /* Assets.xcassets in Resources */,
				AD6E399C23D1D88400D1261E /* Main.storyboard in Resources */,
			);
			runOnlyForDeploymentPostprocessing = 0;
		};
		AD6E39A523D1D88500D1261E /* Resources */ = {
			isa = PBXResourcesBuildPhase;
			buildActionMask = 2147483647;
			files = (
			);
			runOnlyForDeploymentPostprocessing = 0;
		};
		AD6E39B023D1D88500D1261E /* Resources */ = {
			isa = PBXResourcesBuildPhase;
			buildActionMask = 2147483647;
			files = (
			);
			runOnlyForDeploymentPostprocessing = 0;
		};
/* End PBXResourcesBuildPhase section */

/* Begin PBXSourcesBuildPhase section */
		AD6E398D23D1D88400D1261E /* Sources */ = {
			isa = PBXSourcesBuildPhase;
			buildActionMask = 2147483647;
			files = (
				AD6E399923D1D88400D1261E /* ViewController.swift in Sources */,
				AD6E399523D1D88400D1261E /* AppDelegate.swift in Sources */,
			);
			runOnlyForDeploymentPostprocessing = 0;
		};
		AD6E39A323D1D88500D1261E /* Sources */ = {
			isa = PBXSourcesBuildPhase;
			buildActionMask = 2147483647;
			files = (
				AD6E39AC23D1D88500D1261E /* EkanjiTests.swift in Sources */,
			);
			runOnlyForDeploymentPostprocessing = 0;
		};
		AD6E39AE23D1D88500D1261E /* Sources */ = {
			isa = PBXSourcesBuildPhase;
			buildActionMask = 2147483647;
			files = (
				AD6E39B723D1D88500D1261E /* EkanjiUITests.swift in Sources */,
			);
			runOnlyForDeploymentPostprocessing = 0;
		};
/* End PBXSourcesBuildPhase section */

/* Begin PBXTargetDependency section */
		AD6E39A923D1D88500D1261E /* PBXTargetDependency */ = {
			isa = PBXTargetDependency;
			target = AD6E399023D1D88400D1261E /* Ekanji */;
			targetProxy = AD6E39A823D1D88500D1261E /* PBXContainerItemProxy */;
		};
		AD6E39B423D1D88500D1261E /* PBXTargetDependency */ = {
			isa = PBXTargetDependency;
			target = AD6E399023D1D88400D1261E /* Ekanji */;
			targetProxy = AD6E39B323D1D88500D1261E /* PBXContainerItemProxy */;
		};
/* End PBXTargetDependency section */

/* Begin PBXVariantGroup section */
		AD6E399A23D1D88400D1261E /* Main.storyboard */ = {
			isa = PBXVariantGroup;
			children = (
				AD6E399B23D1D88400D1261E /* Base */,
			);
			name = Main.storyboard;
			sourceTree = "<group>";
		};
		AD6E399F23D1D88500D1261E /* LaunchScreen.storyboard */ = {
			isa = PBXVariantGroup;
			children = (
				AD6E39A023D1D88500D1261E /* Base */,
			);
			name = LaunchScreen.storyboard;
			sourceTree = "<group>";
		};
/* End PBXVariantGroup section */

/* Begin XCBuildConfiguration section */
		AD6E39B923D1D88500D1261E /* Debug */ = {
			isa = XCBuildConfiguration;
			buildSettings = {
				ALWAYS_SEARCH_USER_PATHS = NO;
				CLANG_ANALYZER_NONNULL = YES;
				CLANG_ANALYZER_NUMBER_OBJECT_CONVERSION = YES_AGGRESSIVE;
				CLANG_CXX_LANGUAGE_STANDARD = "gnu++14";
				CLANG_CXX_LIBRARY = "libc++";
				CLANG_ENABLE_MODULES = YES;
				CLANG_ENABLE_OBJC_ARC = YES;
				CLANG_ENABLE_OBJC_WEAK = YES;
				CLANG_WARN_BLOCK_CAPTURE_AUTORELEASING = YES;
				CLANG_WARN_BOOL_CONVERSION = YES;
				CLANG_WARN_COMMA = YES;
				CLANG_WARN_CONSTANT_CONVERSION = YES;
				CLANG_WARN_DEPRECATED_OBJC_IMPLEMENTATIONS = YES;
				CLANG_WARN_DIRECT_OBJC_ISA_USAGE = YES_ERROR;
				CLANG_WARN_DOCUMENTATION_COMMENTS = YES;
				CLANG_WARN_EMPTY_BODY = YES;
				CLANG_WARN_ENUM_CONVERSION = YES;
				CLANG_WARN_INFINITE_RECURSION = YES;
				CLANG_WARN_INT_CONVERSION = YES;
				CLANG_WARN_NON_LITERAL_NULL_CONVERSION = YES;
				CLANG_WARN_OBJC_IMPLICIT_RETAIN_SELF = YES;
				CLANG_WARN_OBJC_LITERAL_CONVERSION = YES;
				CLANG_WARN_OBJC_ROOT_CLASS = YES_ERROR;
				CLANG_WARN_RANGE_LOOP_ANALYSIS = YES;
				CLANG_WARN_STRICT_PROTOTYPES = YES;
				CLANG_WARN_SUSPICIOUS_MOVE = YES;
				CLANG_WARN_UNGUARDED_AVAILABILITY = YES_AGGRESSIVE;
				CLANG_WARN_UNREACHABLE_CODE = YES;
				CLANG_WARN__DUPLICATE_METHOD_MATCH = YES;
				COPY_PHASE_STRIP = NO;
				DEBUG_INFORMATION_FORMAT = dwarf;
				ENABLE_STRICT_OBJC_MSGSEND = YES;
				ENABLE_TESTABILITY = YES;
				GCC_C_LANGUAGE_STANDARD = gnu11;
				GCC_DYNAMIC_NO_PIC = NO;
				GCC_NO_COMMON_BLOCKS = YES;
				GCC_OPTIMIZATION_LEVEL = 0;
				GCC_PREPROCESSOR_DEFINITIONS = (
					"DEBUG=1",
					"$(inherited)",
				);
				GCC_WARN_64_TO_32_BIT_CONVERSION = YES;
				GCC_WARN_ABOUT_RETURN_TYPE = YES_ERROR;
				GCC_WARN_UNDECLARED_SELECTOR = YES;
				GCC_WARN_UNINITIALIZED_AUTOS = YES_AGGRESSIVE;
				GCC_WARN_UNUSED_FUNCTION = YES;
				GCC_WARN_UNUSED_VARIABLE = YES;
				IPHONEOS_DEPLOYMENT_TARGET = 13.2;
				MTL_ENABLE_DEBUG_INFO = INCLUDE_SOURCE;
				MTL_FAST_MATH = YES;
				ONLY_ACTIVE_ARCH = YES;
				SDKROOT = iphoneos;
				SWIFT_ACTIVE_COMPILATION_CONDITIONS = DEBUG;
				SWIFT_OPTIMIZATION_LEVEL = "-Onone";
			};
			name = Debug;
		};
		AD6E39BA23D1D88500D1261E /* Release */ = {
			isa = XCBuildConfiguration;
			buildSettings = {
				ALWAYS_SEARCH_USER_PATHS = NO;
				CLANG_ANALYZER_NONNULL = YES;
				CLANG_ANALYZER_NUMBER_OBJECT_CONVERSION = YES_AGGRESSIVE;
				CLANG_CXX_LANGUAGE_STANDARD = "gnu++14";
				CLANG_CXX_LIBRARY = "libc++";
				CLANG_ENABLE_MODULES = YES;
				CLANG_ENABLE_OBJC_ARC = YES;
				CLANG_ENABLE_OBJC_WEAK = YES;
				CLANG_WARN_BLOCK_CAPTURE_AUTORELEASING = YES;
				CLANG_WARN_BOOL_CONVERSION = YES;
				CLANG_WARN_COMMA = YES;
				CLANG_WARN_CONSTANT_CONVERSION = YES;
				CLANG_WARN_DEPRECATED_OBJC_IMPLEMENTATIONS = YES;
				CLANG_WARN_DIRECT_OBJC_ISA_USAGE = YES_ERROR;
				CLANG_WARN_DOCUMENTATION_COMMENTS = YES;
				CLANG_WARN_EMPTY_BODY = YES;
				CLANG_WARN_ENUM_CONVERSION = YES;
				CLANG_WARN_INFINITE_RECURSION = YES;
				CLANG_WARN_INT_CONVERSION = YES;
				CLANG_WARN_NON_LITERAL_NULL_CONVERSION = YES;
				CLANG_WARN_OBJC_IMPLICIT_RETAIN_SELF = YES;
				CLANG_WARN_OBJC_LITERAL_CONVERSION = YES;
				CLANG_WARN_OBJC_ROOT_CLASS = YES_ERROR;
				CLANG_WARN_RANGE_LOOP_ANALYSIS = YES;
				CLANG_WARN_STRICT_PROTOTYPES = YES;
				CLANG_WARN_SUSPICIOUS_MOVE = YES;
				CLANG_WARN_UNGUARDED_AVAILABILITY = YES_AGGRESSIVE;
				CLANG_WARN_UNREACHABLE_CODE = YES;
				CLANG_WARN__DUPLICATE_METHOD_MATCH = YES;
				COPY_PHASE_STRIP = NO;
				DEBUG_INFORMATION_FORMAT = "dwarf-with-dsym";
				ENABLE_NS_ASSERTIONS = NO;
				ENABLE_STRICT_OBJC_MSGSEND = YES;
				GCC_C_LANGUAGE_STANDARD = gnu11;
				GCC_NO_COMMON_BLOCKS = YES;
				GCC_WARN_64_TO_32_BIT_CONVERSION = YES;
				GCC_WARN_ABOUT_RETURN_TYPE = YES_ERROR;
				GCC_WARN_UNDECLARED_SELECTOR = YES;
				GCC_WARN_UNINITIALIZED_AUTOS = YES_AGGRESSIVE;
				GCC_WARN_UNUSED_FUNCTION = YES;
				GCC_WARN_UNUSED_VARIABLE = YES;
				IPHONEOS_DEPLOYMENT_TARGET = 13.2;
				MTL_ENABLE_DEBUG_INFO = NO;
				MTL_FAST_MATH = YES;
				SDKROOT = iphoneos;
				SWIFT_COMPILATION_MODE = wholemodule;
				SWIFT_OPTIMIZATION_LEVEL = "-O";
				VALIDATE_PRODUCT = YES;
			};
			name = Release;
		};
		AD6E39BC23D1D88500D1261E /* Debug */ = {
			isa = XCBuildConfiguration;
			buildSettings = {
				ASSETCATALOG_COMPILER_APPICON_NAME = AppIcon;
				CODE_SIGN_STYLE = Automatic;
				INFOPLIST_FILE = Ekanji/Info.plist;
				IPHONEOS_DEPLOYMENT_TARGET = 12.0;
				LD_RUNPATH_SEARCH_PATHS = (
					"$(inherited)",
					"@executable_path/Frameworks",
				);
				PRODUCT_BUNDLE_IDENTIFIER = com.nakano.hiromu.Ekanji;
				PRODUCT_NAME = "$(TARGET_NAME)";
				SWIFT_VERSION = 5.0;
				TARGETED_DEVICE_FAMILY = "1,2";
			};
			name = Debug;
		};
		AD6E39BD23D1D88500D1261E /* Release */ = {
			isa = XCBuildConfiguration;
			buildSettings = {
				ASSETCATALOG_COMPILER_APPICON_NAME = AppIcon;
				CODE_SIGN_STYLE = Automatic;
				INFOPLIST_FILE = Ekanji/Info.plist;
				IPHONEOS_DEPLOYMENT_TARGET = 12.0;
				LD_RUNPATH_SEARCH_PATHS = (
					"$(inherited)",
					"@executable_path/Frameworks",
				);
				PRODUCT_BUNDLE_IDENTIFIER = com.nakano.hiromu.Ekanji;
				PRODUCT_NAME = "$(TARGET_NAME)";
				SWIFT_VERSION = 5.0;
				TARGETED_DEVICE_FAMILY = "1,2";
			};
			name = Release;
		};
		AD6E39BF23D1D88500D1261E /* Debug */ = {
			isa = XCBuildConfiguration;
			buildSettings = {
				ALWAYS_EMBED_SWIFT_STANDARD_LIBRARIES = YES;
				BUNDLE_LOADER = "$(TEST_HOST)";
				CODE_SIGN_STYLE = Automatic;
				INFOPLIST_FILE = EkanjiTests/Info.plist;
				IPHONEOS_DEPLOYMENT_TARGET = 13.2;
				LD_RUNPATH_SEARCH_PATHS = (
					"$(inherited)",
					"@executable_path/Frameworks",
					"@loader_path/Frameworks",
				);
				PRODUCT_BUNDLE_IDENTIFIER = com.nakano.hiromu.EkanjiTests;
				PRODUCT_NAME = "$(TARGET_NAME)";
				SWIFT_VERSION = 5.0;
				TARGETED_DEVICE_FAMILY = "1,2";
				TEST_HOST = "$(BUILT_PRODUCTS_DIR)/Ekanji.app/Ekanji";
			};
			name = Debug;
		};
		AD6E39C023D1D88500D1261E /* Release */ = {
			isa = XCBuildConfiguration;
			buildSettings = {
				ALWAYS_EMBED_SWIFT_STANDARD_LIBRARIES = YES;
				BUNDLE_LOADER = "$(TEST_HOST)";
				CODE_SIGN_STYLE = Automatic;
				INFOPLIST_FILE = EkanjiTests/Info.plist;
				IPHONEOS_DEPLOYMENT_TARGET = 13.2;
				LD_RUNPATH_SEARCH_PATHS = (
					"$(inherited)",
					"@executable_path/Frameworks",
					"@loader_path/Frameworks",
				);
				PRODUCT_BUNDLE_IDENTIFIER = com.nakano.hiromu.EkanjiTests;
				PRODUCT_NAME = "$(TARGET_NAME)";
				SWIFT_VERSION = 5.0;
				TARGETED_DEVICE_FAMILY = "1,2";
				TEST_HOST = "$(BUILT_PRODUCTS_DIR)/Ekanji.app/Ekanji";
			};
			name = Release;
		};
		AD6E39C223D1D88500D1261E /* Debug */ = {
			isa = XCBuildConfiguration;
			buildSettings = {
				ALWAYS_EMBED_SWIFT_STANDARD_LIBRARIES = YES;
				CODE_SIGN_STYLE = Automatic;
				INFOPLIST_FILE = EkanjiUITests/Info.plist;
				LD_RUNPATH_SEARCH_PATHS = (
					"$(inherited)",
					"@executable_path/Frameworks",
					"@loader_path/Frameworks",
				);
				PRODUCT_BUNDLE_IDENTIFIER = com.nakano.hiromu.EkanjiUITests;
				PRODUCT_NAME = "$(TARGET_NAME)";
				SWIFT_VERSION = 5.0;
				TARGETED_DEVICE_FAMILY = "1,2";
				TEST_TARGET_NAME = Ekanji;
			};
			name = Debug;
		};
		AD6E39C323D1D88500D1261E /* Release */ = {
			isa = XCBuildConfiguration;
			buildSettings = {
				ALWAYS_EMBED_SWIFT_STANDARD_LIBRARIES = YES;
				CODE_SIGN_STYLE = Automatic;
				INFOPLIST_FILE = EkanjiUITests/Info.plist;
				LD_RUNPATH_SEARCH_PATHS = (
					"$(inherited)",
					"@executable_path/Frameworks",
					"@loader_path/Frameworks",
				);
				PRODUCT_BUNDLE_IDENTIFIER = com.nakano.hiromu.EkanjiUITests;
				PRODUCT_NAME = "$(TARGET_NAME)";
				SWIFT_VERSION = 5.0;
				TARGETED_DEVICE_FAMILY = "1,2";
				TEST_TARGET_NAME = Ekanji;
			};
			name = Release;
		};
/* End XCBuildConfiguration section */

/* Begin XCConfigurationList section */
		AD6E398C23D1D88400D1261E /* Build configuration list for PBXProject "Ekanji" */ = {
			isa = XCConfigurationList;
			buildConfigurations = (
				AD6E39B923D1D88500D1261E /* Debug */,
				AD6E39BA23D1D88500D1261E /* Release */,
			);
			defaultConfigurationIsVisible = 0;
			defaultConfigurationName = Release;
		};
		AD6E39BB23D1D88500D1261E /* Build configuration list for PBXNativeTarget "Ekanji" */ = {
			isa = XCConfigurationList;
			buildConfigurations = (
				AD6E39BC23D1D88500D1261E /* Debug */,
				AD6E39BD23D1D88500D1261E /* Release */,
			);
			defaultConfigurationIsVisible = 0;
			defaultConfigurationName = Release;
		};
		AD6E39BE23D1D88500D1261E /* Build configuration list for PBXNativeTarget "EkanjiTests" */ = {
			isa = XCConfigurationList;
			buildConfigurations = (
				AD6E39BF23D1D88500D1261E /* Debug */,
				AD6E39C023D1D88500D1261E /* Release */,
			);
			defaultConfigurationIsVisible = 0;
			defaultConfigurationName = Release;
		};
		AD6E39C123D1D88500D1261E /* Build configuration list for PBXNativeTarget "EkanjiUITests" */ = {
			isa = XCConfigurationList;
			buildConfigurations = (
				AD6E39C223D1D88500D1261E /* Debug */,
				AD6E39C323D1D88500D1261E /* Release */,
			);
			defaultConfigurationIsVisible = 0;
			defaultConfigurationName = Release;
		};
/* End XCConfigurationList section */
	};
	rootObject = AD6E398923D1D88400D1261E /* Project object */;
}
