// !$*UTF8*$!
{
	archiveVersion = 1;
	classes = {
	};
	objectVersion = 52;
	objects = {

/* Begin PBXBuildFile section */
		AD1B5B6B23D8B5A700FB98A6 /* RealmSwift in Frameworks */ = {isa = PBXBuildFile; productRef = AD1B5B6A23D8B5A700FB98A6 /* RealmSwift */; };
		AD1B5B7023D8B90A00FB98A6 /* Database.swift in Sources */ = {isa = PBXBuildFile; fileRef = AD1B5B6F23D8B90A00FB98A6 /* Database.swift */; };
		AD6E399523D1D88400D1261E /* AppDelegate.swift in Sources */ = {isa = PBXBuildFile; fileRef = AD6E399423D1D88400D1261E /* AppDelegate.swift */; };
		AD6E399C23D1D88400D1261E /* Main.storyboard in Resources */ = {isa = PBXBuildFile; fileRef = AD6E399A23D1D88400D1261E /* Main.storyboard */; };
		AD6E399E23D1D88500D1261E /* Assets.xcassets in Resources */ = {isa = PBXBuildFile; fileRef = AD6E399D23D1D88500D1261E /* Assets.xcassets */; };
		AD6E39A123D1D88500D1261E /* LaunchScreen.storyboard in Resources */ = {isa = PBXBuildFile; fileRef = AD6E399F23D1D88500D1261E /* LaunchScreen.storyboard */; };
		AD6E39AC23D1D88500D1261E /* EkanjiTests.swift in Sources */ = {isa = PBXBuildFile; fileRef = AD6E39AB23D1D88500D1261E /* EkanjiTests.swift */; };
		AD6E39B723D1D88500D1261E /* EkanjiUITests.swift in Sources */ = {isa = PBXBuildFile; fileRef = AD6E39B623D1D88500D1261E /* EkanjiUITests.swift */; };
		AD6E39DA23D2DF6100D1261E /* HomeViewController.swift in Sources */ = {isa = PBXBuildFile; fileRef = AD6E39D923D2DF6100D1261E /* HomeViewController.swift */; };
		AD6E39DC23D2DF6D00D1261E /* HistoryViewController.swift in Sources */ = {isa = PBXBuildFile; fileRef = AD6E39DB23D2DF6D00D1261E /* HistoryViewController.swift */; };
		AD6E39DF23D2DF7E00D1261E /* ResultViewController.swift in Sources */ = {isa = PBXBuildFile; fileRef = AD6E39DD23D2DF7E00D1261E /* ResultViewController.swift */; };
		AD6E39E023D2DF7E00D1261E /* ResultViewController.xib in Resources */ = {isa = PBXBuildFile; fileRef = AD6E39DE23D2DF7E00D1261E /* ResultViewController.xib */; };
		AD6E39E223D2FFD600D1261E /* HomePresenter.swift in Sources */ = {isa = PBXBuildFile; fileRef = AD6E39E123D2FFD600D1261E /* HomePresenter.swift */; };
		AD6E39E823D3CD8300D1261E /* HistoryPresenter.swift in Sources */ = {isa = PBXBuildFile; fileRef = AD6E39E723D3CD8300D1261E /* HistoryPresenter.swift */; };
		AD6E39F423D5DF3300D1261E /* ResultPresenter.swift in Sources */ = {isa = PBXBuildFile; fileRef = AD6E39F323D5DF3300D1261E /* ResultPresenter.swift */; };
		AD6E39F923D5FC8B00D1261E /* ResultModel.swift in Sources */ = {isa = PBXBuildFile; fileRef = AD6E39F823D5FC8B00D1261E /* ResultModel.swift */; };
		AD6E39FB23D71AF500D1261E /* HomeModel.swift in Sources */ = {isa = PBXBuildFile; fileRef = AD6E39FA23D71AF500D1261E /* HomeModel.swift */; };
		AD6E39FF23D7211900D1261E /* HistoryModel.swift in Sources */ = {isa = PBXBuildFile; fileRef = AD6E39FE23D7211900D1261E /* HistoryModel.swift */; };
		ADBC1FC023D74DD2004138DF /* Moya in Frameworks */ = {isa = PBXBuildFile; productRef = ADBC1FBF23D74DD2004138DF /* Moya */; };
		ADBC1FC523D761FA004138DF /* Hydra in Frameworks */ = {isa = PBXBuildFile; productRef = ADBC1FC423D761FA004138DF /* Hydra */; };
		ADBC1FC823D76350004138DF /* GooAPI.swift in Sources */ = {isa = PBXBuildFile; fileRef = ADBC1FC723D76350004138DF /* GooAPI.swift */; };
		ADBC1FCD23D8635D004138DF /* Environment.swift in Sources */ = {isa = PBXBuildFile; fileRef = ADBC1FCC23D8635D004138DF /* Environment.swift */; };
		ADBC1FD123D867FD004138DF /* KanaConverter.swift in Sources */ = {isa = PBXBuildFile; fileRef = ADBC1FD023D867FD004138DF /* KanaConverter.swift */; };
/* End PBXBuildFile section */

/* Begin PBXContainerItemProxy section */
		AD6E39A823D1D88500D1261E /* PBXContainerItemProxy */ = {
			isa = PBXContainerItemProxy;
			containerPortal = AD6E398923D1D88400D1261E /* Project object */;
			proxyType = 1;
			remoteGlobalIDString = AD6E399023D1D88400D1261E;
			remoteInfo = Ekanji;
		};
		AD6E39B323D1D88500D1261E /* PBXContainerItemProxy */ = {
			isa = PBXContainerItemProxy;
			containerPortal = AD6E398923D1D88400D1261E /* Project object */;
			proxyType = 1;
			remoteGlobalIDString = AD6E399023D1D88400D1261E;
			remoteInfo = Ekanji;
		};
/* End PBXContainerItemProxy section */

/* Begin PBXFileReference section */
		AD1B5B6F23D8B90A00FB98A6 /* Database.swift */ = {isa = PBXFileReference; lastKnownFileType = sourcecode.swift; path = Database.swift; sourceTree = "<group>"; };
		AD6E399123D1D88400D1261E /* Ekanji.app */ = {isa = PBXFileReference; explicitFileType = wrapper.application; includeInIndex = 0; path = Ekanji.app; sourceTree = BUILT_PRODUCTS_DIR; };
		AD6E399423D1D88400D1261E /* AppDelegate.swift */ = {isa = PBXFileReference; lastKnownFileType = sourcecode.swift; path = AppDelegate.swift; sourceTree = "<group>"; };
		AD6E399B23D1D88400D1261E /* Base */ = {isa = PBXFileReference; lastKnownFileType = file.storyboard; name = Base; path = Base.lproj/Main.storyboard; sourceTree = "<group>"; };
		AD6E399D23D1D88500D1261E /* Assets.xcassets */ = {isa = PBXFileReference; lastKnownFileType = folder.assetcatalog; path = Assets.xcassets; sourceTree = "<group>"; };
		AD6E39A023D1D88500D1261E /* Base */ = {isa = PBXFileReference; lastKnownFileType = file.storyboard; name = Base; path = Base.lproj/LaunchScreen.storyboard; sourceTree = "<group>"; };
		AD6E39A223D1D88500D1261E /* Info.plist */ = {isa = PBXFileReference; lastKnownFileType = text.plist.xml; path = Info.plist; sourceTree = "<group>"; };
		AD6E39A723D1D88500D1261E /* EkanjiTests.xctest */ = {isa = PBXFileReference; explicitFileType = wrapper.cfbundle; includeInIndex = 0; path = EkanjiTests.xctest; sourceTree = BUILT_PRODUCTS_DIR; };
		AD6E39AB23D1D88500D1261E /* EkanjiTests.swift */ = {isa = PBXFileReference; lastKnownFileType = sourcecode.swift; path = EkanjiTests.swift; sourceTree = "<group>"; };
		AD6E39AD23D1D88500D1261E /* Info.plist */ = {isa = PBXFileReference; lastKnownFileType = text.plist.xml; path = Info.plist; sourceTree = "<group>"; };
		AD6E39B223D1D88500D1261E /* EkanjiUITests.xctest */ = {isa = PBXFileReference; explicitFileType = wrapper.cfbundle; includeInIndex = 0; path = EkanjiUITests.xctest; sourceTree = BUILT_PRODUCTS_DIR; };
		AD6E39B623D1D88500D1261E /* EkanjiUITests.swift */ = {isa = PBXFileReference; lastKnownFileType = sourcecode.swift; path = EkanjiUITests.swift; sourceTree = "<group>"; };
		AD6E39B823D1D88500D1261E /* Info.plist */ = {isa = PBXFileReference; lastKnownFileType = text.plist.xml; path = Info.plist; sourceTree = "<group>"; };
		AD6E39D923D2DF6100D1261E /* HomeViewController.swift */ = {isa = PBXFileReference; lastKnownFileType = sourcecode.swift; path = HomeViewController.swift; sourceTree = "<group>"; };
		AD6E39DB23D2DF6D00D1261E /* HistoryViewController.swift */ = {isa = PBXFileReference; lastKnownFileType = sourcecode.swift; path = HistoryViewController.swift; sourceTree = "<group>"; };
		AD6E39DD23D2DF7E00D1261E /* ResultViewController.swift */ = {isa = PBXFileReference; lastKnownFileType = sourcecode.swift; path = ResultViewController.swift; sourceTree = "<group>"; };
		AD6E39DE23D2DF7E00D1261E /* ResultViewController.xib */ = {isa = PBXFileReference; lastKnownFileType = file.xib; path = ResultViewController.xib; sourceTree = "<group>"; };
		AD6E39E123D2FFD600D1261E /* HomePresenter.swift */ = {isa = PBXFileReference; lastKnownFileType = sourcecode.swift; path = HomePresenter.swift; sourceTree = "<group>"; };
		AD6E39E723D3CD8300D1261E /* HistoryPresenter.swift */ = {isa = PBXFileReference; lastKnownFileType = sourcecode.swift; path = HistoryPresenter.swift; sourceTree = "<group>"; };
		AD6E39F323D5DF3300D1261E /* ResultPresenter.swift */ = {isa = PBXFileReference; lastKnownFileType = sourcecode.swift; path = ResultPresenter.swift; sourceTree = "<group>"; };
		AD6E39F823D5FC8B00D1261E /* ResultModel.swift */ = {isa = PBXFileReference; lastKnownFileType = sourcecode.swift; path = ResultModel.swift; sourceTree = "<group>"; };
		AD6E39FA23D71AF500D1261E /* HomeModel.swift */ = {isa = PBXFileReference; lastKnownFileType = sourcecode.swift; path = HomeModel.swift; sourceTree = "<group>"; };
		AD6E39FE23D7211900D1261E /* HistoryModel.swift */ = {isa = PBXFileReference; lastKnownFileType = sourcecode.swift; path = HistoryModel.swift; sourceTree = "<group>"; };
		ADBC1FC723D76350004138DF /* GooAPI.swift */ = {isa = PBXFileReference; lastKnownFileType = sourcecode.swift; path = GooAPI.swift; sourceTree = "<group>"; };
		ADBC1FCC23D8635D004138DF /* Environment.swift */ = {isa = PBXFileReference; lastKnownFileType = sourcecode.swift; path = Environment.swift; sourceTree = "<group>"; };
		ADBC1FD023D867FD004138DF /* KanaConverter.swift */ = {isa = PBXFileReference; lastKnownFileType = sourcecode.swift; path = KanaConverter.swift; sourceTree = "<group>"; };
/* End PBXFileReference section */

/* Begin PBXFrameworksBuildPhase section */
		AD6E398E23D1D88400D1261E /* Frameworks */ = {
			isa = PBXFrameworksBuildPhase;
			buildActionMask = 2147483647;
			files = (
				AD1B5B6B23D8B5A700FB98A6 /* RealmSwift in Frameworks */,
				ADBC1FC023D74DD2004138DF /* Moya in Frameworks */,
				ADBC1FC523D761FA004138DF /* Hydra in Frameworks */,
			);
			runOnlyForDeploymentPostprocessing = 0;
		};
		AD6E39A423D1D88500D1261E /* Frameworks */ = {
			isa = PBXFrameworksBuildPhase;
			buildActionMask = 2147483647;
			files = (
			);
			runOnlyForDeploymentPostprocessing = 0;
		};
		AD6E39AF23D1D88500D1261E /* Frameworks */ = {
			isa = PBXFrameworksBuildPhase;
			buildActionMask = 2147483647;
			files = (
			);
			runOnlyForDeploymentPostprocessing = 0;
		};
/* End PBXFrameworksBuildPhase section */

/* Begin PBXGroup section */
		AD6E398823D1D88400D1261E = {
			isa = PBXGroup;
			children = (
				AD6E399323D1D88400D1261E /* Ekanji */,
				AD6E39AA23D1D88500D1261E /* EkanjiTests */,
				AD6E39B523D1D88500D1261E /* EkanjiUITests */,
				AD6E399223D1D88400D1261E /* Products */,
			);
			sourceTree = "<group>";
		};
		AD6E399223D1D88400D1261E /* Products */ = {
			isa = PBXGroup;
			children = (
				AD6E399123D1D88400D1261E /* Ekanji.app */,
				AD6E39A723D1D88500D1261E /* EkanjiTests.xctest */,
				AD6E39B223D1D88500D1261E /* EkanjiUITests.xctest */,
			);
			name = Products;
			sourceTree = "<group>";
		};
		AD6E399323D1D88400D1261E /* Ekanji */ = {
			isa = PBXGroup;
			children = (
				AD6E399423D1D88400D1261E /* AppDelegate.swift */,
				AD6E399A23D1D88400D1261E /* Main.storyboard */,
				AD6E399D23D1D88500D1261E /* Assets.xcassets */,
				AD6E399F23D1D88500D1261E /* LaunchScreen.storyboard */,
				AD6E39A223D1D88500D1261E /* Info.plist */,
				ADBC1FC623D7633F004138DF /* Common */,
				AD6E39D623D2DF0000D1261E /* Home */,
				AD6E39D723D2DF1900D1261E /* History */,
				AD6E39D823D2DF2700D1261E /* Result */,
				ADBC1FC923D8629F004138DF /* Constants */,
			);
			path = Ekanji;
			sourceTree = "<group>";
		};
		AD6E39AA23D1D88500D1261E /* EkanjiTests */ = {
			isa = PBXGroup;
			children = (
				AD6E39AB23D1D88500D1261E /* EkanjiTests.swift */,
				AD6E39AD23D1D88500D1261E /* Info.plist */,
			);
			path = EkanjiTests;
			sourceTree = "<group>";
		};
		AD6E39B523D1D88500D1261E /* EkanjiUITests */ = {
			isa = PBXGroup;
			children = (
				AD6E39B623D1D88500D1261E /* EkanjiUITests.swift */,
				AD6E39B823D1D88500D1261E /* Info.plist */,
			);
			path = EkanjiUITests;
			sourceTree = "<group>";
		};
		AD6E39D623D2DF0000D1261E /* Home */ = {
			isa = PBXGroup;
			children = (
				AD6E39D923D2DF6100D1261E /* HomeViewController.swift */,
				AD6E39E123D2FFD600D1261E /* HomePresenter.swift */,
				AD6E39FA23D71AF500D1261E /* HomeModel.swift */,
			);
			path = Home;
			sourceTree = "<group>";
		};
		AD6E39D723D2DF1900D1261E /* History */ = {
			isa = PBXGroup;
			children = (
				AD6E39DB23D2DF6D00D1261E /* HistoryViewController.swift */,
				AD6E39E723D3CD8300D1261E /* HistoryPresenter.swift */,
				AD6E39FE23D7211900D1261E /* HistoryModel.swift */,
			);
			path = History;
			sourceTree = "<group>";
		};
		AD6E39D823D2DF2700D1261E /* Result */ = {
			isa = PBXGroup;
			children = (
				AD6E39DD23D2DF7E00D1261E /* ResultViewController.swift */,
				AD6E39F323D5DF3300D1261E /* ResultPresenter.swift */,
				AD6E39F823D5FC8B00D1261E /* ResultModel.swift */,
				AD6E39DE23D2DF7E00D1261E /* ResultViewController.xib */,
			);
			path = Result;
			sourceTree = "<group>";
		};
		ADBC1FC623D7633F004138DF /* Common */ = {
			isa = PBXGroup;
			children = (
				ADBC1FC723D76350004138DF /* GooAPI.swift */,
				AD1B5B6F23D8B90A00FB98A6 /* Database.swift */,
				ADBC1FD023D867FD004138DF /* KanaConverter.swift */,
			);
			path = Common;
			sourceTree = "<group>";
		};
		ADBC1FC923D8629F004138DF /* Constants */ = {
			isa = PBXGroup;
			children = (
				ADBC1FCC23D8635D004138DF /* Environment.swift */,
			);
			path = Constants;
			sourceTree = "<group>";
		};
/* End PBXGroup section */

/* Begin PBXNativeTarget section */
		AD6E399023D1D88400D1261E /* Ekanji */ = {
			isa = PBXNativeTarget;
			buildConfigurationList = AD6E39BB23D1D88500D1261E /* Build configuration list for PBXNativeTarget "Ekanji" */;
			buildPhases = (
				AD6E398D23D1D88400D1261E /* Sources */,
				AD6E398E23D1D88400D1261E /* Frameworks */,
				AD6E398F23D1D88400D1261E /* Resources */,
				AD6E39D423D2C3A400D1261E /* ShellScript */,
			);
			buildRules = (
			);
			dependencies = (
			);
			name = Ekanji;
			packageProductDependencies = (
				ADBC1FBF23D74DD2004138DF /* Moya */,
				ADBC1FC423D761FA004138DF /* Hydra */,
				AD1B5B6A23D8B5A700FB98A6 /* RealmSwift */,
			);
			productName = Ekanji;
			productReference = AD6E399123D1D88400D1261E /* Ekanji.app */;
			productType = "com.apple.product-type.application";
		};
		AD6E39A623D1D88500D1261E /* EkanjiTests */ = {
			isa = PBXNativeTarget;
			buildConfigurationList = AD6E39BE23D1D88500D1261E /* Build configuration list for PBXNativeTarget "EkanjiTests" */;
			buildPhases = (
				AD6E39A323D1D88500D1261E /* Sources */,
				AD6E39A423D1D88500D1261E /* Frameworks */,
				AD6E39A523D1D88500D1261E /* Resources */,
			);
			buildRules = (
			);
			dependencies = (
				AD6E39A923D1D88500D1261E /* PBXTargetDependency */,
			);
			name = EkanjiTests;
			productName = EkanjiTests;
			productReference = AD6E39A723D1D88500D1261E /* EkanjiTests.xctest */;
			productType = "com.apple.product-type.bundle.unit-test";
		};
		AD6E39B123D1D88500D1261E /* EkanjiUITests */ = {
			isa = PBXNativeTarget;
			buildConfigurationList = AD6E39C123D1D88500D1261E /* Build configuration list for PBXNativeTarget "EkanjiUITests" */;
			buildPhases = (
				AD6E39AE23D1D88500D1261E /* Sources */,
				AD6E39AF23D1D88500D1261E /* Frameworks */,
				AD6E39B023D1D88500D1261E /* Resources */,
			);
			buildRules = (
			);
			dependencies = (
				AD6E39B423D1D88500D1261E /* PBXTargetDependency */,
			);
			name = EkanjiUITests;
			productName = EkanjiUITests;
			productReference = AD6E39B223D1D88500D1261E /* EkanjiUITests.xctest */;
			productType = "com.apple.product-type.bundle.ui-testing";
		};
/* End PBXNativeTarget section */

/* Begin PBXProject section */
		AD6E398923D1D88400D1261E /* Project object */ = {
			isa = PBXProject;
			attributes = {
				LastSwiftUpdateCheck = 1130;
				LastUpgradeCheck = 1130;
				ORGANIZATIONNAME = "Hiromu Nakano";
				TargetAttributes = {
					AD6E399023D1D88400D1261E = {
						CreatedOnToolsVersion = 11.3.1;
					};
					AD6E39A623D1D88500D1261E = {
						CreatedOnToolsVersion = 11.3.1;
						TestTargetID = AD6E399023D1D88400D1261E;
					};
					AD6E39B123D1D88500D1261E = {
						CreatedOnToolsVersion = 11.3.1;
						TestTargetID = AD6E399023D1D88400D1261E;
					};
				};
			};
			buildConfigurationList = AD6E398C23D1D88400D1261E /* Build configuration list for PBXProject "Ekanji" */;
			compatibilityVersion = "Xcode 9.3";
			developmentRegion = en;
			hasScannedForEncodings = 0;
			knownRegions = (
				en,
				Base,
			);
			mainGroup = AD6E398823D1D88400D1261E;
			packageReferences = (
				ADBC1FBE23D74DD2004138DF /* XCRemoteSwiftPackageReference "Moya" */,
				ADBC1FC323D761FA004138DF /* XCRemoteSwiftPackageReference "Hydra" */,
				AD1B5B6923D8B5A700FB98A6 /* XCRemoteSwiftPackageReference "realm-cocoa" */,
			);
			productRefGroup = AD6E399223D1D88400D1261E /* Products */;
			projectDirPath = "";
			projectRoot = "";
			targets = (
				AD6E399023D1D88400D1261E /* Ekanji */,
				AD6E39A623D1D88500D1261E /* EkanjiTests */,
				AD6E39B123D1D88500D1261E /* EkanjiUITests */,
			);
		};
/* End PBXProject section */

/* Begin PBXResourcesBuildPhase section */
		AD6E398F23D1D88400D1261E /* Resources */ = {
			isa = PBXResourcesBuildPhase;
			buildActionMask = 2147483647;
			files = (
				AD6E39A123D1D88500D1261E /* LaunchScreen.storyboard in Resources */,
				AD6E399E23D1D88500D1261E /* Assets.xcassets in Resources */,
				AD6E399C23D1D88400D1261E /* Main.storyboard in Resources */,
				AD6E39E023D2DF7E00D1261E /* ResultViewController.xib in Resources */,
			);
			runOnlyForDeploymentPostprocessing = 0;
		};
		AD6E39A523D1D88500D1261E /* Resources */ = {
			isa = PBXResourcesBuildPhase;
			buildActionMask = 2147483647;
			files = (
			);
			runOnlyForDeploymentPostprocessing = 0;
		};
		AD6E39B023D1D88500D1261E /* Resources */ = {
			isa = PBXResourcesBuildPhase;
			buildActionMask = 2147483647;
			files = (
			);
			runOnlyForDeploymentPostprocessing = 0;
		};
/* End PBXResourcesBuildPhase section */

/* Begin PBXShellScriptBuildPhase section */
		AD6E39D423D2C3A400D1261E /* ShellScript */ = {
			isa = PBXShellScriptBuildPhase;
			buildActionMask = 2147483647;
			files = (
			);
			inputFileListPaths = (
			);
			inputPaths = (
			);
			outputFileListPaths = (
			);
			outputPaths = (
			);
			runOnlyForDeploymentPostprocessing = 0;
			shellPath = /bin/sh;
			shellScript = "if which swiftlint >/dev/null; then\n  swiftlint autocorrect --format\n  swiftlint\nelse\n  echo \"warning: SwiftLint not installed, download from https://github.com/realm/SwiftLint\"\nfi\n";
		};
/* End PBXShellScriptBuildPhase section */

/* Begin PBXSourcesBuildPhase section */
		AD6E398D23D1D88400D1261E /* Sources */ = {
			isa = PBXSourcesBuildPhase;
			buildActionMask = 2147483647;
			files = (
				AD6E39DF23D2DF7E00D1261E /* ResultViewController.swift in Sources */,
				ADBC1FCD23D8635D004138DF /* Environment.swift in Sources */,
				ADBC1FD123D867FD004138DF /* KanaConverter.swift in Sources */,
				AD6E39E823D3CD8300D1261E /* HistoryPresenter.swift in Sources */,
				AD6E39FB23D71AF500D1261E /* HomeModel.swift in Sources */,
				ADBC1FC823D76350004138DF /* GooAPI.swift in Sources */,
				AD6E399523D1D88400D1261E /* AppDelegate.swift in Sources */,
				AD6E39DA23D2DF6100D1261E /* HomeViewController.swift in Sources */,
				AD6E39F923D5FC8B00D1261E /* ResultModel.swift in Sources */,
				AD6E39FF23D7211900D1261E /* HistoryModel.swift in Sources */,
				AD6E39F423D5DF3300D1261E /* ResultPresenter.swift in Sources */,
				AD6E39E223D2FFD600D1261E /* HomePresenter.swift in Sources */,
				AD1B5B7023D8B90A00FB98A6 /* Database.swift in Sources */,
				AD6E39DC23D2DF6D00D1261E /* HistoryViewController.swift in Sources */,
			);
			runOnlyForDeploymentPostprocessing = 0;
		};
		AD6E39A323D1D88500D1261E /* Sources */ = {
			isa = PBXSourcesBuildPhase;
			buildActionMask = 2147483647;
			files = (
				AD6E39AC23D1D88500D1261E /* EkanjiTests.swift in Sources */,
			);
			runOnlyForDeploymentPostprocessing = 0;
		};
		AD6E39AE23D1D88500D1261E /* Sources */ = {
			isa = PBXSourcesBuildPhase;
			buildActionMask = 2147483647;
			files = (
				AD6E39B723D1D88500D1261E /* EkanjiUITests.swift in Sources */,
			);
			runOnlyForDeploymentPostprocessing = 0;
		};
/* End PBXSourcesBuildPhase section */

/* Begin PBXTargetDependency section */
		AD6E39A923D1D88500D1261E /* PBXTargetDependency */ = {
			isa = PBXTargetDependency;
			target = AD6E399023D1D88400D1261E /* Ekanji */;
			targetProxy = AD6E39A823D1D88500D1261E /* PBXContainerItemProxy */;
		};
		AD6E39B423D1D88500D1261E /* PBXTargetDependency */ = {
			isa = PBXTargetDependency;
			target = AD6E399023D1D88400D1261E /* Ekanji */;
			targetProxy = AD6E39B323D1D88500D1261E /* PBXContainerItemProxy */;
		};
/* End PBXTargetDependency section */

/* Begin PBXVariantGroup section */
		AD6E399A23D1D88400D1261E /* Main.storyboard */ = {
			isa = PBXVariantGroup;
			children = (
				AD6E399B23D1D88400D1261E /* Base */,
			);
			name = Main.storyboard;
			sourceTree = "<group>";
		};
		AD6E399F23D1D88500D1261E /* LaunchScreen.storyboard */ = {
			isa = PBXVariantGroup;
			children = (
				AD6E39A023D1D88500D1261E /* Base */,
			);
			name = LaunchScreen.storyboard;
			sourceTree = "<group>";
		};
/* End PBXVariantGroup section */

/* Begin XCBuildConfiguration section */
		AD6E39B923D1D88500D1261E /* Debug */ = {
			isa = XCBuildConfiguration;
			buildSettings = {
				ALWAYS_SEARCH_USER_PATHS = NO;
				CLANG_ANALYZER_NONNULL = YES;
				CLANG_ANALYZER_NUMBER_OBJECT_CONVERSION = YES_AGGRESSIVE;
				CLANG_CXX_LANGUAGE_STANDARD = "gnu++14";
				CLANG_CXX_LIBRARY = "libc++";
				CLANG_ENABLE_MODULES = YES;
				CLANG_ENABLE_OBJC_ARC = YES;
				CLANG_ENABLE_OBJC_WEAK = YES;
				CLANG_WARN_BLOCK_CAPTURE_AUTORELEASING = YES;
				CLANG_WARN_BOOL_CONVERSION = YES;
				CLANG_WARN_COMMA = YES;
				CLANG_WARN_CONSTANT_CONVERSION = YES;
				CLANG_WARN_DEPRECATED_OBJC_IMPLEMENTATIONS = YES;
				CLANG_WARN_DIRECT_OBJC_ISA_USAGE = YES_ERROR;
				CLANG_WARN_DOCUMENTATION_COMMENTS = YES;
				CLANG_WARN_EMPTY_BODY = YES;
				CLANG_WARN_ENUM_CONVERSION = YES;
				CLANG_WARN_INFINITE_RECURSION = YES;
				CLANG_WARN_INT_CONVERSION = YES;
				CLANG_WARN_NON_LITERAL_NULL_CONVERSION = YES;
				CLANG_WARN_OBJC_IMPLICIT_RETAIN_SELF = YES;
				CLANG_WARN_OBJC_LITERAL_CONVERSION = YES;
				CLANG_WARN_OBJC_ROOT_CLASS = YES_ERROR;
				CLANG_WARN_RANGE_LOOP_ANALYSIS = YES;
				CLANG_WARN_STRICT_PROTOTYPES = YES;
				CLANG_WARN_SUSPICIOUS_MOVE = YES;
				CLANG_WARN_UNGUARDED_AVAILABILITY = YES_AGGRESSIVE;
				CLANG_WARN_UNREACHABLE_CODE = YES;
				CLANG_WARN__DUPLICATE_METHOD_MATCH = YES;
				COPY_PHASE_STRIP = NO;
				DEBUG_INFORMATION_FORMAT = dwarf;
				ENABLE_STRICT_OBJC_MSGSEND = YES;
				ENABLE_TESTABILITY = YES;
				GCC_C_LANGUAGE_STANDARD = gnu11;
				GCC_DYNAMIC_NO_PIC = NO;
				GCC_NO_COMMON_BLOCKS = YES;
				GCC_OPTIMIZATION_LEVEL = 0;
				GCC_PREPROCESSOR_DEFINITIONS = (
					"DEBUG=1",
					"$(inherited)",
				);
				GCC_WARN_64_TO_32_BIT_CONVERSION = YES;
				GCC_WARN_ABOUT_RETURN_TYPE = YES_ERROR;
				GCC_WARN_UNDECLARED_SELECTOR = YES;
				GCC_WARN_UNINITIALIZED_AUTOS = YES_AGGRESSIVE;
				GCC_WARN_UNUSED_FUNCTION = YES;
				GCC_WARN_UNUSED_VARIABLE = YES;
				IPHONEOS_DEPLOYMENT_TARGET = 13.2;
				MTL_ENABLE_DEBUG_INFO = INCLUDE_SOURCE;
				MTL_FAST_MATH = YES;
				ONLY_ACTIVE_ARCH = YES;
				SDKROOT = iphoneos;
				SWIFT_ACTIVE_COMPILATION_CONDITIONS = DEBUG;
				SWIFT_OPTIMIZATION_LEVEL = "-Onone";
			};
			name = Debug;
		};
		AD6E39BA23D1D88500D1261E /* Release */ = {
			isa = XCBuildConfiguration;
			buildSettings = {
				ALWAYS_SEARCH_USER_PATHS = NO;
				CLANG_ANALYZER_NONNULL = YES;
				CLANG_ANALYZER_NUMBER_OBJECT_CONVERSION = YES_AGGRESSIVE;
				CLANG_CXX_LANGUAGE_STANDARD = "gnu++14";
				CLANG_CXX_LIBRARY = "libc++";
				CLANG_ENABLE_MODULES = YES;
				CLANG_ENABLE_OBJC_ARC = YES;
				CLANG_ENABLE_OBJC_WEAK = YES;
				CLANG_WARN_BLOCK_CAPTURE_AUTORELEASING = YES;
				CLANG_WARN_BOOL_CONVERSION = YES;
				CLANG_WARN_COMMA = YES;
				CLANG_WARN_CONSTANT_CONVERSION = YES;
				CLANG_WARN_DEPRECATED_OBJC_IMPLEMENTATIONS = YES;
				CLANG_WARN_DIRECT_OBJC_ISA_USAGE = YES_ERROR;
				CLANG_WARN_DOCUMENTATION_COMMENTS = YES;
				CLANG_WARN_EMPTY_BODY = YES;
				CLANG_WARN_ENUM_CONVERSION = YES;
				CLANG_WARN_INFINITE_RECURSION = YES;
				CLANG_WARN_INT_CONVERSION = YES;
				CLANG_WARN_NON_LITERAL_NULL_CONVERSION = YES;
				CLANG_WARN_OBJC_IMPLICIT_RETAIN_SELF = YES;
				CLANG_WARN_OBJC_LITERAL_CONVERSION = YES;
				CLANG_WARN_OBJC_ROOT_CLASS = YES_ERROR;
				CLANG_WARN_RANGE_LOOP_ANALYSIS = YES;
				CLANG_WARN_STRICT_PROTOTYPES = YES;
				CLANG_WARN_SUSPICIOUS_MOVE = YES;
				CLANG_WARN_UNGUARDED_AVAILABILITY = YES_AGGRESSIVE;
				CLANG_WARN_UNREACHABLE_CODE = YES;
				CLANG_WARN__DUPLICATE_METHOD_MATCH = YES;
				COPY_PHASE_STRIP = NO;
				DEBUG_INFORMATION_FORMAT = "dwarf-with-dsym";
				ENABLE_NS_ASSERTIONS = NO;
				ENABLE_STRICT_OBJC_MSGSEND = YES;
				GCC_C_LANGUAGE_STANDARD = gnu11;
				GCC_NO_COMMON_BLOCKS = YES;
				GCC_WARN_64_TO_32_BIT_CONVERSION = YES;
				GCC_WARN_ABOUT_RETURN_TYPE = YES_ERROR;
				GCC_WARN_UNDECLARED_SELECTOR = YES;
				GCC_WARN_UNINITIALIZED_AUTOS = YES_AGGRESSIVE;
				GCC_WARN_UNUSED_FUNCTION = YES;
				GCC_WARN_UNUSED_VARIABLE = YES;
				IPHONEOS_DEPLOYMENT_TARGET = 13.2;
				MTL_ENABLE_DEBUG_INFO = NO;
				MTL_FAST_MATH = YES;
				SDKROOT = iphoneos;
				SWIFT_COMPILATION_MODE = wholemodule;
				SWIFT_OPTIMIZATION_LEVEL = "-O";
				VALIDATE_PRODUCT = YES;
			};
			name = Release;
		};
		AD6E39BC23D1D88500D1261E /* Debug */ = {
			isa = XCBuildConfiguration;
			buildSettings = {
				ASSETCATALOG_COMPILER_APPICON_NAME = AppIcon;
				CODE_SIGN_STYLE = Automatic;
				INFOPLIST_FILE = Ekanji/Info.plist;
				IPHONEOS_DEPLOYMENT_TARGET = 12.0;
				LD_RUNPATH_SEARCH_PATHS = (
					"$(inherited)",
					"@executable_path/Frameworks",
				);
				PRODUCT_BUNDLE_IDENTIFIER = com.nakano.hiromu.Ekanji;
				PRODUCT_NAME = "$(TARGET_NAME)";
				SWIFT_VERSION = 5.0;
				TARGETED_DEVICE_FAMILY = "1,2";
			};
			name = Debug;
		};
		AD6E39BD23D1D88500D1261E /* Release */ = {
			isa = XCBuildConfiguration;
			buildSettings = {
				ASSETCATALOG_COMPILER_APPICON_NAME = AppIcon;
				CODE_SIGN_STYLE = Automatic;
				INFOPLIST_FILE = Ekanji/Info.plist;
				IPHONEOS_DEPLOYMENT_TARGET = 12.0;
				LD_RUNPATH_SEARCH_PATHS = (
					"$(inherited)",
					"@executable_path/Frameworks",
				);
				PRODUCT_BUNDLE_IDENTIFIER = com.nakano.hiromu.Ekanji;
				PRODUCT_NAME = "$(TARGET_NAME)";
				SWIFT_VERSION = 5.0;
				TARGETED_DEVICE_FAMILY = "1,2";
			};
			name = Release;
		};
		AD6E39BF23D1D88500D1261E /* Debug */ = {
			isa = XCBuildConfiguration;
			buildSettings = {
				ALWAYS_EMBED_SWIFT_STANDARD_LIBRARIES = YES;
				BUNDLE_LOADER = "$(TEST_HOST)";
				CODE_SIGN_STYLE = Automatic;
				INFOPLIST_FILE = EkanjiTests/Info.plist;
				IPHONEOS_DEPLOYMENT_TARGET = 13.2;
				LD_RUNPATH_SEARCH_PATHS = (
					"$(inherited)",
					"@executable_path/Frameworks",
					"@loader_path/Frameworks",
				);
				PRODUCT_BUNDLE_IDENTIFIER = com.nakano.hiromu.EkanjiTests;
				PRODUCT_NAME = "$(TARGET_NAME)";
				SWIFT_VERSION = 5.0;
				TARGETED_DEVICE_FAMILY = "1,2";
				TEST_HOST = "$(BUILT_PRODUCTS_DIR)/Ekanji.app/Ekanji";
			};
			name = Debug;
		};
		AD6E39C023D1D88500D1261E /* Release */ = {
			isa = XCBuildConfiguration;
			buildSettings = {
				ALWAYS_EMBED_SWIFT_STANDARD_LIBRARIES = YES;
				BUNDLE_LOADER = "$(TEST_HOST)";
				CODE_SIGN_STYLE = Automatic;
				INFOPLIST_FILE = EkanjiTests/Info.plist;
				IPHONEOS_DEPLOYMENT_TARGET = 13.2;
				LD_RUNPATH_SEARCH_PATHS = (
					"$(inherited)",
					"@executable_path/Frameworks",
					"@loader_path/Frameworks",
				);
				PRODUCT_BUNDLE_IDENTIFIER = com.nakano.hiromu.EkanjiTests;
				PRODUCT_NAME = "$(TARGET_NAME)";
				SWIFT_VERSION = 5.0;
				TARGETED_DEVICE_FAMILY = "1,2";
				TEST_HOST = "$(BUILT_PRODUCTS_DIR)/Ekanji.app/Ekanji";
			};
			name = Release;
		};
		AD6E39C223D1D88500D1261E /* Debug */ = {
			isa = XCBuildConfiguration;
			buildSettings = {
				ALWAYS_EMBED_SWIFT_STANDARD_LIBRARIES = YES;
				CODE_SIGN_STYLE = Automatic;
				INFOPLIST_FILE = EkanjiUITests/Info.plist;
				LD_RUNPATH_SEARCH_PATHS = (
					"$(inherited)",
					"@executable_path/Frameworks",
					"@loader_path/Frameworks",
				);
				PRODUCT_BUNDLE_IDENTIFIER = com.nakano.hiromu.EkanjiUITests;
				PRODUCT_NAME = "$(TARGET_NAME)";
				SWIFT_VERSION = 5.0;
				TARGETED_DEVICE_FAMILY = "1,2";
				TEST_TARGET_NAME = Ekanji;
			};
			name = Debug;
		};
		AD6E39C323D1D88500D1261E /* Release */ = {
			isa = XCBuildConfiguration;
			buildSettings = {
				ALWAYS_EMBED_SWIFT_STANDARD_LIBRARIES = YES;
				CODE_SIGN_STYLE = Automatic;
				INFOPLIST_FILE = EkanjiUITests/Info.plist;
				LD_RUNPATH_SEARCH_PATHS = (
					"$(inherited)",
					"@executable_path/Frameworks",
					"@loader_path/Frameworks",
				);
				PRODUCT_BUNDLE_IDENTIFIER = com.nakano.hiromu.EkanjiUITests;
				PRODUCT_NAME = "$(TARGET_NAME)";
				SWIFT_VERSION = 5.0;
				TARGETED_DEVICE_FAMILY = "1,2";
				TEST_TARGET_NAME = Ekanji;
			};
			name = Release;
		};
/* End XCBuildConfiguration section */

/* Begin XCConfigurationList section */
		AD6E398C23D1D88400D1261E /* Build configuration list for PBXProject "Ekanji" */ = {
			isa = XCConfigurationList;
			buildConfigurations = (
				AD6E39B923D1D88500D1261E /* Debug */,
				AD6E39BA23D1D88500D1261E /* Release */,
			);
			defaultConfigurationIsVisible = 0;
			defaultConfigurationName = Release;
		};
		AD6E39BB23D1D88500D1261E /* Build configuration list for PBXNativeTarget "Ekanji" */ = {
			isa = XCConfigurationList;
			buildConfigurations = (
				AD6E39BC23D1D88500D1261E /* Debug */,
				AD6E39BD23D1D88500D1261E /* Release */,
			);
			defaultConfigurationIsVisible = 0;
			defaultConfigurationName = Release;
		};
		AD6E39BE23D1D88500D1261E /* Build configuration list for PBXNativeTarget "EkanjiTests" */ = {
			isa = XCConfigurationList;
			buildConfigurations = (
				AD6E39BF23D1D88500D1261E /* Debug */,
				AD6E39C023D1D88500D1261E /* Release */,
			);
			defaultConfigurationIsVisible = 0;
			defaultConfigurationName = Release;
		};
		AD6E39C123D1D88500D1261E /* Build configuration list for PBXNativeTarget "EkanjiUITests" */ = {
			isa = XCConfigurationList;
			buildConfigurations = (
				AD6E39C223D1D88500D1261E /* Debug */,
				AD6E39C323D1D88500D1261E /* Release */,
			);
			defaultConfigurationIsVisible = 0;
			defaultConfigurationName = Release;
		};
/* End XCConfigurationList section */

/* Begin XCRemoteSwiftPackageReference section */
		AD1B5B6923D8B5A700FB98A6 /* XCRemoteSwiftPackageReference "realm-cocoa" */ = {
			isa = XCRemoteSwiftPackageReference;
			repositoryURL = "https://github.com/realm/realm-cocoa.git";
			requirement = {
				kind = upToNextMajorVersion;
				minimumVersion = 4.3.1;
			};
		};
		ADBC1FBE23D74DD2004138DF /* XCRemoteSwiftPackageReference "Moya" */ = {
			isa = XCRemoteSwiftPackageReference;
			repositoryURL = "https://github.com/Moya/Moya.git";
			requirement = {
				kind = upToNextMajorVersion;
				minimumVersion = 13.0.1;
			};
		};
		ADBC1FC323D761FA004138DF /* XCRemoteSwiftPackageReference "Hydra" */ = {
			isa = XCRemoteSwiftPackageReference;
			repositoryURL = "https://github.com/malcommac/Hydra.git";
			requirement = {
				kind = upToNextMajorVersion;
				minimumVersion = 2.0.2;
			};
		};
/* End XCRemoteSwiftPackageReference section */

/* Begin XCSwiftPackageProductDependency section */
		AD1B5B6A23D8B5A700FB98A6 /* RealmSwift */ = {
			isa = XCSwiftPackageProductDependency;
			package = AD1B5B6923D8B5A700FB98A6 /* XCRemoteSwiftPackageReference "realm-cocoa" */;
			productName = RealmSwift;
		};
		ADBC1FBF23D74DD2004138DF /* Moya */ = {
			isa = XCSwiftPackageProductDependency;
			package = ADBC1FBE23D74DD2004138DF /* XCRemoteSwiftPackageReference "Moya" */;
			productName = Moya;
		};
		ADBC1FC423D761FA004138DF /* Hydra */ = {
			isa = XCSwiftPackageProductDependency;
			package = ADBC1FC323D761FA004138DF /* XCRemoteSwiftPackageReference "Hydra" */;
			productName = Hydra;
		};
/* End XCSwiftPackageProductDependency section */
	};
	rootObject = AD6E398923D1D88400D1261E /* Project object */;
}
